
Microsoft Visual Studio Solution File, Format Version 12.00
# Visual Studio 14
VisualStudioVersion = 14.0.25420.1
MinimumVisualStudioVersion = 10.0.40219.1
Project("{FAE04EC0-301F-11D3-BF4B-00C04F79EFBC}") = "HandlingKeyboarShortcuts", "HandlingKeyboarShortcuts\HandlingKeyboarShortcuts.csproj", "{5D156E2F-D211-42EA-8AE5-D5AEDD714F99}"
EndProject
Project("{FAE04EC0-301F-11D3-BF4B-00C04F79EFBC}") = "ProcessCmdKeyExample", "ProcessCmdKeyExample\ProcessCmdKeyExample.csproj", "{F806F7AC-52C4-487A-92AC-026ABED601EB}"
EndProject
Project("{FAE04EC0-301F-11D3-BF4B-00C04F79EFBC}") = "LibHotKeys", "LibHotKeys\LibHotKeys.csproj", "{91909DD3-1274-4991-A5B6-32050523A562}"
EndProject
Project("{FAE04EC0-301F-11D3-BF4B-00C04F79EFBC}") = "HotKeysExample", "HotKeysExample\HotKeysExample.csproj", "{920D4C7E-BCAB-4AF0-8CCC-E9CED62B31D1}"
EndProject
Global
	GlobalSection(SolutionConfigurationPlatforms) = preSolution
		Debug|Any CPU = Debug|Any CPU
		Release|Any CPU = Release|Any CPU
	EndGlobalSection
	GlobalSection(ProjectConfigurationPlatforms) = postSolution
		{5D156E2F-D211-42EA-8AE5-D5AEDD714F99}.Debug|Any CPU.ActiveCfg = Debug|Any CPU
		{5D156E2F-D211-42EA-8AE5-D5AEDD714F99}.Debug|Any CPU.Build.0 = Debug|Any CPU
		{5D156E2F-D211-42EA-8AE5-D5AEDD714F99}.Release|Any CPU.ActiveCfg = Release|Any CPU
		{5D156E2F-D211-42EA-8AE5-D5AEDD714F99}.Release|Any CPU.Build.0 = Release|Any CPU
		{F806F7AC-52C4-487A-92AC-026ABED601EB}.Debug|Any CPU.ActiveCfg = Debug|Any CPU
		{F806F7AC-52C4-487A-92AC-026ABED601EB}.Debug|Any CPU.Build.0 = Debug|Any CPU
		{F806F7AC-52C4-487A-92AC-026ABED601EB}.Release|Any CPU.ActiveCfg = Release|Any CPU
		{F806F7AC-52C4-487A-92AC-026ABED601EB}.Release|Any CPU.Build.0 = Release|Any CPU
		{91909DD3-1274-4991-A5B6-32050523A562}.Debug|Any CPU.ActiveCfg = Debug|Any CPU
		{91909DD3-1274-4991-A5B6-32050523A562}.Debug|Any CPU.Build.0 = Debug|Any CPU
		{91909DD3-1274-4991-A5B6-32050523A562}.Release|Any CPU.ActiveCfg = Release|Any CPU
		{91909DD3-1274-4991-A5B6-32050523A562}.Release|Any CPU.Build.0 = Release|Any CPU
		{920D4C7E-BCAB-4AF0-8CCC-E9CED62B31D1}.Debug|Any CPU.ActiveCfg = Debug|Any CPU
		{920D4C7E-BCAB-4AF0-8CCC-E9CED62B31D1}.Debug|Any CPU.Build.0 = Debug|Any CPU
		{920D4C7E-BCAB-4AF0-8CCC-E9CED62B31D1}.Release|Any CPU.ActiveCfg = Release|Any CPU
		{920D4C7E-BCAB-4AF0-8CCC-E9CED62B31D1}.Release|Any CPU.Build.0 = Release|Any CPU
	EndGlobalSection
	GlobalSection(SolutionProperties) = preSolution
		HideSolutionNode = FALSE
	EndGlobalSection
EndGlobal
